
Microsoft Visual Studio Solution File, Format Version 12.00
# Visual Studio Version 17
VisualStudioVersion = 17.4.33403.182
MinimumVisualStudioVersion = 10.0.40219.1
Project("{FAE04EC0-301F-11D3-BF4B-00C04F79EFBC}") = "4353_Project_Local", "4353_Project_Local.csproj", "{A2276EC9-6EF4-4A49-A67F-DCFF0687295E}"
EndProject
Global
	GlobalSection(SolutionConfigurationPlatforms) = preSolution
		Debug|Any CPU = Debug|Any CPU
		Release|Any CPU = Release|Any CPU
	EndGlobalSection
	GlobalSection(ProjectConfigurationPlatforms) = postSolution
		{A2276EC9-6EF4-4A49-A67F-DCFF0687295E}.Debug|Any CPU.ActiveCfg = Debug|Any CPU
		{A2276EC9-6EF4-4A49-A67F-DCFF0687295E}.Debug|Any CPU.Build.0 = Debug|Any CPU
		{A2276EC9-6EF4-4A49-A67F-DCFF0687295E}.Release|Any CPU.ActiveCfg = Release|Any CPU
		{A2276EC9-6EF4-4A49-A67F-DCFF0687295E}.Release|Any CPU.Build.0 = Release|Any CPU
	EndGlobalSection
	GlobalSection(SolutionProperties) = preSolution
		HideSolutionNode = FALSE
	EndGlobalSection
	GlobalSection(ExtensibilityGlobals) = postSolution
		SolutionGuid = {CF4ABCEF-D1A3-4D78-BD95-8C6A60453405}
	EndGlobalSection
EndGlobal
