
Microsoft Visual Studio Solution File, Format Version 12.00
# Visual Studio Version 17
VisualStudioVersion = 17.4.33403.182
MinimumVisualStudioVersion = 10.0.40219.1
Project("{FAE04EC0-301F-11D3-BF4B-00C04F79EFBC}") = "FUELtoGo", "FUELtoGo\FUELtoGo.csproj", "{21BC4AE9-2609-44D4-AC32-9EFC1A6550A7}"
EndProject
Project("{FAE04EC0-301F-11D3-BF4B-00C04F79EFBC}") = "FUELtoGo.Tests", "FUELtoGo.Tests\FUELtoGo.Tests.csproj", "{D0646990-84B7-437E-8628-0004533A26B4}"
EndProject
Global
	GlobalSection(SolutionConfigurationPlatforms) = preSolution
		Debug|Any CPU = Debug|Any CPU
		Release|Any CPU = Release|Any CPU
	EndGlobalSection
	GlobalSection(ProjectConfigurationPlatforms) = postSolution
		{21BC4AE9-2609-44D4-AC32-9EFC1A6550A7}.Debug|Any CPU.ActiveCfg = Debug|Any CPU
		{21BC4AE9-2609-44D4-AC32-9EFC1A6550A7}.Debug|Any CPU.Build.0 = Debug|Any CPU
		{21BC4AE9-2609-44D4-AC32-9EFC1A6550A7}.Release|Any CPU.ActiveCfg = Release|Any CPU
		{21BC4AE9-2609-44D4-AC32-9EFC1A6550A7}.Release|Any CPU.Build.0 = Release|Any CPU
		{D0646990-84B7-437E-8628-0004533A26B4}.Debug|Any CPU.ActiveCfg = Debug|Any CPU
		{D0646990-84B7-437E-8628-0004533A26B4}.Debug|Any CPU.Build.0 = Debug|Any CPU
		{D0646990-84B7-437E-8628-0004533A26B4}.Release|Any CPU.ActiveCfg = Release|Any CPU
		{D0646990-84B7-437E-8628-0004533A26B4}.Release|Any CPU.Build.0 = Release|Any CPU
	EndGlobalSection
	GlobalSection(SolutionProperties) = preSolution
		HideSolutionNode = FALSE
	EndGlobalSection
	GlobalSection(ExtensibilityGlobals) = postSolution
		SolutionGuid = {E33F730C-B122-4F3F-9661-8BE07B15ECA8}
	EndGlobalSection
EndGlobal
